# THIS IS AN AUTOGENERATED FILE. DO NOT EDIT THIS FILE DIRECTLY.
# yarn lockfile v1


check-if-word@^1.2.1:
  version "1.2.1"
  resolved "https://registry.yarnpkg.com/check-if-word/-/check-if-word-1.2.1.tgz#60a9cb8ed99f0321e7abddb05201195b80094b19"
  integrity sha512-FrB/d+r+ITgMjxGfIS1tE7OlfI2bNSARSCNyC6el23ESDP1ugP1MJPts0ecYawiO6xPE2msJhAYtqBgAMD8oPw==
